
Microsoft Visual Studio Solution File, Format Version 12.00
# Visual Studio 15
VisualStudioVersion = 15.0.28307.779
MinimumVisualStudioVersion = 10.0.40219.1
Project("{FAE04EC0-301F-11D3-BF4B-00C04F79EFBC}") = "ConsoleSouls", "ConsoleSouls\ConsoleSouls.csproj", "{DCD0F907-76E2-4262-B026-F472A0F48323}"
EndProject
Project("{FAE04EC0-301F-11D3-BF4B-00C04F79EFBC}") = "LineageServerCommon", "LineageServerCommon\LineageServerCommon.csproj", "{C83B080E-4D95-45CB-A924-94227A2920BF}"
EndProject
Project("{FAE04EC0-301F-11D3-BF4B-00C04F79EFBC}") = "LineageServerConsole", "LineageServerConsole\LineageServerConsole.csproj", "{19D10449-A2D0-43BD-A3CB-45B24D97CB0E}"
EndProject
Project("{FAE04EC0-301F-11D3-BF4B-00C04F79EFBC}") = "Common", "Common\Common.csproj", "{2E805E47-98F1-4464-ADAA-EA3DAD29697E}"
EndProject
Project("{FAE04EC0-301F-11D3-BF4B-00C04F79EFBC}") = "DataAccess", "DataAccess\DataAccess.csproj", "{D2D6F42D-B6CD-4C8C-8602-31E218ACFE94}"
EndProject
Project("{FAE04EC0-301F-11D3-BF4B-00C04F79EFBC}") = "LineageClientWpf", "LineageClientWpf\LineageClientWpf.csproj", "{8BA45558-533B-4AA7-AABF-188AB5571B28}"
EndProject
Global
	GlobalSection(SolutionConfigurationPlatforms) = preSolution
		Debug|Any CPU = Debug|Any CPU
		Release|Any CPU = Release|Any CPU
	EndGlobalSection
	GlobalSection(ProjectConfigurationPlatforms) = postSolution
		{DCD0F907-76E2-4262-B026-F472A0F48323}.Debug|Any CPU.ActiveCfg = Debug|Any CPU
		{DCD0F907-76E2-4262-B026-F472A0F48323}.Debug|Any CPU.Build.0 = Debug|Any CPU
		{DCD0F907-76E2-4262-B026-F472A0F48323}.Release|Any CPU.ActiveCfg = Release|Any CPU
		{DCD0F907-76E2-4262-B026-F472A0F48323}.Release|Any CPU.Build.0 = Release|Any CPU
		{C83B080E-4D95-45CB-A924-94227A2920BF}.Debug|Any CPU.ActiveCfg = Debug|Any CPU
		{C83B080E-4D95-45CB-A924-94227A2920BF}.Debug|Any CPU.Build.0 = Debug|Any CPU
		{C83B080E-4D95-45CB-A924-94227A2920BF}.Release|Any CPU.ActiveCfg = Release|Any CPU
		{C83B080E-4D95-45CB-A924-94227A2920BF}.Release|Any CPU.Build.0 = Release|Any CPU
		{19D10449-A2D0-43BD-A3CB-45B24D97CB0E}.Debug|Any CPU.ActiveCfg = Debug|Any CPU
		{19D10449-A2D0-43BD-A3CB-45B24D97CB0E}.Debug|Any CPU.Build.0 = Debug|Any CPU
		{19D10449-A2D0-43BD-A3CB-45B24D97CB0E}.Release|Any CPU.ActiveCfg = Release|Any CPU
		{19D10449-A2D0-43BD-A3CB-45B24D97CB0E}.Release|Any CPU.Build.0 = Release|Any CPU
		{2E805E47-98F1-4464-ADAA-EA3DAD29697E}.Debug|Any CPU.ActiveCfg = Debug|Any CPU
		{2E805E47-98F1-4464-ADAA-EA3DAD29697E}.Debug|Any CPU.Build.0 = Debug|Any CPU
		{2E805E47-98F1-4464-ADAA-EA3DAD29697E}.Release|Any CPU.ActiveCfg = Release|Any CPU
		{2E805E47-98F1-4464-ADAA-EA3DAD29697E}.Release|Any CPU.Build.0 = Release|Any CPU
		{D2D6F42D-B6CD-4C8C-8602-31E218ACFE94}.Debug|Any CPU.ActiveCfg = Debug|Any CPU
		{D2D6F42D-B6CD-4C8C-8602-31E218ACFE94}.Debug|Any CPU.Build.0 = Debug|Any CPU
		{D2D6F42D-B6CD-4C8C-8602-31E218ACFE94}.Release|Any CPU.ActiveCfg = Release|Any CPU
		{D2D6F42D-B6CD-4C8C-8602-31E218ACFE94}.Release|Any CPU.Build.0 = Release|Any CPU
		{8BA45558-533B-4AA7-AABF-188AB5571B28}.Debug|Any CPU.ActiveCfg = Debug|Any CPU
		{8BA45558-533B-4AA7-AABF-188AB5571B28}.Debug|Any CPU.Build.0 = Debug|Any CPU
		{8BA45558-533B-4AA7-AABF-188AB5571B28}.Release|Any CPU.ActiveCfg = Release|Any CPU
		{8BA45558-533B-4AA7-AABF-188AB5571B28}.Release|Any CPU.Build.0 = Release|Any CPU
	EndGlobalSection
	GlobalSection(SolutionProperties) = preSolution
		HideSolutionNode = FALSE
	EndGlobalSection
	GlobalSection(ExtensibilityGlobals) = postSolution
		SolutionGuid = {5399D5D8-9171-4F0E-B8EB-786BD8E2D195}
	EndGlobalSection
EndGlobal
